// !$*UTF8*$!
{
	archiveVersion = 1;
	classes = {
	};
	objectVersion = 56;
	objects = {

/* Begin PBXBuildFile section */
		A1000001000000000000001 /* SickDayTrackerApp.swift in Sources */ = {isa = PBXBuildFile; fileRef = A2000001000000000000001 /* SickDayTrackerApp.swift */; };
		A1000002000000000000001 /* ContentView.swift in Sources */ = {isa = PBXBuildFile; fileRef = A2000002000000000000001 /* ContentView.swift */; };
		A1000003000000000000001 /* DailyLog.swift in Sources */ = {isa = PBXBuildFile; fileRef = A2000003000000000000001 /* DailyLog.swift */; };
		A1000004000000000000001 /* SicknessEpisode.swift in Sources */ = {isa = PBXBuildFile; fileRef = A2000004000000000000001 /* SicknessEpisode.swift */; };
		A1000005000000000000001 /* TodayView.swift in Sources */ = {isa = PBXBuildFile; fileRef = A2000005000000000000001 /* TodayView.swift */; };
		A1000006000000000000001 /* EpisodesView.swift in Sources */ = {isa = PBXBuildFile; fileRef = A2000006000000000000001 /* EpisodesView.swift */; };
		A1000007000000000000001 /* InsightsView.swift in Sources */ = {isa = PBXBuildFile; fileRef = A2000007000000000000001 /* InsightsView.swift */; };
		A1000008000000000000001 /* SettingsView.swift in Sources */ = {isa = PBXBuildFile; fileRef = A2000008000000000000001 /* SettingsView.swift */; };
		A1000009000000000000001 /* Assets.xcassets in Resources */ = {isa = PBXBuildFile; fileRef = A2000009000000000000001 /* Assets.xcassets */; };
		E38541F22F31871D00EDEC5E /* OnboardingView.swift in Sources */ = {isa = PBXBuildFile; fileRef = E38541F12F31871D00EDEC5E /* OnboardingView.swift */; };
		E38541F42F3187B700EDEC5E /* DailyLogFormView.swift in Sources */ = {isa = PBXBuildFile; fileRef = E38541F32F3187B700EDEC5E /* DailyLogFormView.swift */; };
		E38541F62F3187C600EDEC5E /* EpisodeFormView.swift in Sources */ = {isa = PBXBuildFile; fileRef = E38541F52F3187C600EDEC5E /* EpisodeFormView.swift */; };
		E38541FA2F3187D800EDEC5E /* EpisodesViewModel.swift in Sources */ = {isa = PBXBuildFile; fileRef = E38541F72F3187D800EDEC5E /* EpisodesViewModel.swift */; };
		E38541FB2F3187D800EDEC5E /* TodayViewModel.swift in Sources */ = {isa = PBXBuildFile; fileRef = E38541F92F3187D800EDEC5E /* TodayViewModel.swift */; };
		E38541FC2F3187D800EDEC5E /* InsightsViewModel.swift in Sources */ = {isa = PBXBuildFile; fileRef = E38541F82F3187D800EDEC5E /* InsightsViewModel.swift */; };
		E38541FF2F3187E600EDEC5E /* SampleDataService.swift in Sources */ = {isa = PBXBuildFile; fileRef = E38541FE2F3187E600EDEC5E /* SampleDataService.swift */; };
		E38542002F3187E600EDEC5E /* ExportService.swift in Sources */ = {isa = PBXBuildFile; fileRef = E38541FD2F3187E600EDEC5E /* ExportService.swift */; };
		E38542022F3187F100EDEC5E /* AccessibilityIdentifiers.swift in Sources */ = {isa = PBXBuildFile; fileRef = E38542012F3187F100EDEC5E /* AccessibilityIdentifiers.swift */; };
/* End PBXBuildFile section */

/* Begin PBXContainerItemProxy section */
		AB000010000000000000001 /* PBXContainerItemProxy */ = {
			isa = PBXContainerItemProxy;
			containerPortal = A0000001000000000000001 /* Project object */;
			proxyType = 1;
			remoteGlobalIDString = A6000001000000000000001;
			remoteInfo = SickDayTracker;
		};
		AB000011000000000000001 /* PBXContainerItemProxy */ = {
			isa = PBXContainerItemProxy;
			containerPortal = A0000001000000000000001 /* Project object */;
			proxyType = 1;
			remoteGlobalIDString = A6000001000000000000001;
			remoteInfo = SickDayTracker;
		};
/* End PBXContainerItemProxy section */

/* Begin PBXFileReference section */
		A2000001000000000000001 /* SickDayTrackerApp.swift */ = {isa = PBXFileReference; lastKnownFileType = sourcecode.swift; path = SickDayTrackerApp.swift; sourceTree = "<group>"; };
		A2000002000000000000001 /* ContentView.swift */ = {isa = PBXFileReference; lastKnownFileType = sourcecode.swift; path = ContentView.swift; sourceTree = "<group>"; };
		A2000003000000000000001 /* DailyLog.swift */ = {isa = PBXFileReference; lastKnownFileType = sourcecode.swift; path = DailyLog.swift; sourceTree = "<group>"; };
		A2000004000000000000001 /* SicknessEpisode.swift */ = {isa = PBXFileReference; lastKnownFileType = sourcecode.swift; path = SicknessEpisode.swift; sourceTree = "<group>"; };
		A2000005000000000000001 /* TodayView.swift */ = {isa = PBXFileReference; lastKnownFileType = sourcecode.swift; path = TodayView.swift; sourceTree = "<group>"; };
		A2000006000000000000001 /* EpisodesView.swift */ = {isa = PBXFileReference; lastKnownFileType = sourcecode.swift; path = EpisodesView.swift; sourceTree = "<group>"; };
		A2000007000000000000001 /* InsightsView.swift */ = {isa = PBXFileReference; lastKnownFileType = sourcecode.swift; path = InsightsView.swift; sourceTree = "<group>"; };
		A2000008000000000000001 /* SettingsView.swift */ = {isa = PBXFileReference; lastKnownFileType = sourcecode.swift; path = SettingsView.swift; sourceTree = "<group>"; };
		A2000009000000000000001 /* Assets.xcassets */ = {isa = PBXFileReference; lastKnownFileType = folder.assetcatalog; path = Assets.xcassets; sourceTree = "<group>"; };
		A2000010000000000000001 /* Info.plist */ = {isa = PBXFileReference; lastKnownFileType = text.plist.xml; path = Info.plist; sourceTree = "<group>"; };
		A3000001000000000000001 /* SickDayTracker.app */ = {isa = PBXFileReference; explicitFileType = wrapper.application; includeInIndex = 0; path = SickDayTracker.app; sourceTree = BUILT_PRODUCTS_DIR; };
		A3000010000000000000001 /* SickDayTrackerTests.xctest */ = {isa = PBXFileReference; explicitFileType = wrapper.cfbundle; includeInIndex = 0; path = SickDayTrackerTests.xctest; sourceTree = BUILT_PRODUCTS_DIR; };
		A3000011000000000000001 /* SickDayTrackerUITests.xctest */ = {isa = PBXFileReference; explicitFileType = wrapper.cfbundle; includeInIndex = 0; path = SickDayTrackerUITests.xctest; sourceTree = BUILT_PRODUCTS_DIR; };
		E38541F12F31871D00EDEC5E /* OnboardingView.swift */ = {isa = PBXFileReference; lastKnownFileType = sourcecode.swift; name = OnboardingView.swift; path = Views/OnboardingView.swift; sourceTree = "<group>"; };
		E38541F32F3187B700EDEC5E /* DailyLogFormView.swift */ = {isa = PBXFileReference; lastKnownFileType = sourcecode.swift; name = DailyLogFormView.swift; path = Views/Today/DailyLogFormView.swift; sourceTree = "<group>"; };
		E38541F52F3187C600EDEC5E /* EpisodeFormView.swift */ = {isa = PBXFileReference; lastKnownFileType = sourcecode.swift; name = EpisodeFormView.swift; path = Views/Episodes/EpisodeFormView.swift; sourceTree = "<group>"; };
		E38541F72F3187D800EDEC5E /* EpisodesViewModel.swift */ = {isa = PBXFileReference; lastKnownFileType = sourcecode.swift; name = EpisodesViewModel.swift; path = ViewModels/EpisodesViewModel.swift; sourceTree = "<group>"; };
		E38541F82F3187D800EDEC5E /* InsightsViewModel.swift */ = {isa = PBXFileReference; lastKnownFileType = sourcecode.swift; name = InsightsViewModel.swift; path = ViewModels/InsightsViewModel.swift; sourceTree = "<group>"; };
		E38541F92F3187D800EDEC5E /* TodayViewModel.swift */ = {isa = PBXFileReference; lastKnownFileType = sourcecode.swift; name = TodayViewModel.swift; path = ViewModels/TodayViewModel.swift; sourceTree = "<group>"; };
		E38541FD2F3187E600EDEC5E /* ExportService.swift */ = {isa = PBXFileReference; lastKnownFileType = sourcecode.swift; name = ExportService.swift; path = Services/ExportService.swift; sourceTree = "<group>"; };
		E38541FE2F3187E600EDEC5E /* SampleDataService.swift */ = {isa = PBXFileReference; lastKnownFileType = sourcecode.swift; name = SampleDataService.swift; path = Services/SampleDataService.swift; sourceTree = "<group>"; };
		E38542012F3187F100EDEC5E /* AccessibilityIdentifiers.swift */ = {isa = PBXFileReference; lastKnownFileType = sourcecode.swift; name = AccessibilityIdentifiers.swift; path = Utilities/AccessibilityIdentifiers.swift; sourceTree = "<group>"; };
/* End PBXFileReference section */

/* Begin PBXFrameworksBuildPhase section */
		A4000001000000000000001 /* Frameworks */ = {
			isa = PBXFrameworksBuildPhase;
			buildActionMask = 2147483647;
			files = (
			);
			runOnlyForDeploymentPostprocessing = 0;
		};
		A4000010000000000000001 /* Frameworks */ = {
			isa = PBXFrameworksBuildPhase;
			buildActionMask = 2147483647;
			files = (
			);
			runOnlyForDeploymentPostprocessing = 0;
		};
		A4000011000000000000001 /* Frameworks */ = {
			isa = PBXFrameworksBuildPhase;
			buildActionMask = 2147483647;
			files = (
			);
			runOnlyForDeploymentPostprocessing = 0;
		};
/* End PBXFrameworksBuildPhase section */

/* Begin PBXGroup section */
		A5000001000000000000001 = {
			isa = PBXGroup;
			children = (
				A5000002000000000000001 /* SickDayTracker */,
				A5000010000000000000001 /* SickDayTrackerTests */,
				A5000011000000000000001 /* SickDayTrackerUITests */,
				A5000003000000000000001 /* Products */,
			);
			sourceTree = "<group>";
		};
		A5000002000000000000001 /* SickDayTracker */ = {
			isa = PBXGroup;
			children = (
				E38542012F3187F100EDEC5E /* AccessibilityIdentifiers.swift */,
				E38541FD2F3187E600EDEC5E /* ExportService.swift */,
				E38541FE2F3187E600EDEC5E /* SampleDataService.swift */,
				E38541F72F3187D800EDEC5E /* EpisodesViewModel.swift */,
				E38541F82F3187D800EDEC5E /* InsightsViewModel.swift */,
				E38541F92F3187D800EDEC5E /* TodayViewModel.swift */,
				E38541F52F3187C600EDEC5E /* EpisodeFormView.swift */,
				E38541F32F3187B700EDEC5E /* DailyLogFormView.swift */,
				E38541F12F31871D00EDEC5E /* OnboardingView.swift */,
				A2000001000000000000001 /* SickDayTrackerApp.swift */,
				A2000002000000000000001 /* ContentView.swift */,
				A5000004000000000000001 /* Models */,
				A5000005000000000000001 /* Views */,
				A5000009000000000000001 /* ViewModels */,
				A5000012000000000000001 /* Services */,
				A5000013000000000000001 /* Utilities */,
				A2000009000000000000001 /* Assets.xcassets */,
				A2000010000000000000001 /* Info.plist */,
			);
			path = SickDayTracker;
			sourceTree = "<group>";
		};
		A5000003000000000000001 /* Products */ = {
			isa = PBXGroup;
			children = (
				A3000001000000000000001 /* SickDayTracker.app */,
				A3000010000000000000001 /* SickDayTrackerTests.xctest */,
				A3000011000000000000001 /* SickDayTrackerUITests.xctest */,
			);
			name = Products;
			sourceTree = "<group>";
		};
		A5000004000000000000001 /* Models */ = {
			isa = PBXGroup;
			children = (
				A2000003000000000000001 /* DailyLog.swift */,
				A2000004000000000000001 /* SicknessEpisode.swift */,
			);
			path = Models;
			sourceTree = "<group>";
		};
		A5000005000000000000001 /* Views */ = {
			isa = PBXGroup;
			children = (
				A5000006000000000000001 /* Today */,
				A5000007000000000000001 /* Episodes */,
				A5000008000000000000001 /* Insights */,
				A5000014000000000000001 /* Settings */,
			);
			path = Views;
			sourceTree = "<group>";
		};
		A5000006000000000000001 /* Today */ = {
			isa = PBXGroup;
			children = (
				A2000005000000000000001 /* TodayView.swift */,
			);
			path = Today;
			sourceTree = "<group>";
		};
		A5000007000000000000001 /* Episodes */ = {
			isa = PBXGroup;
			children = (
				A2000006000000000000001 /* EpisodesView.swift */,
			);
			path = Episodes;
			sourceTree = "<group>";
		};
		A5000008000000000000001 /* Insights */ = {
			isa = PBXGroup;
			children = (
				A2000007000000000000001 /* InsightsView.swift */,
			);
			path = Insights;
			sourceTree = "<group>";
		};
		A5000009000000000000001 /* ViewModels */ = {
			isa = PBXGroup;
			children = (
			);
			path = ViewModels;
			sourceTree = "<group>";
		};
		A5000010000000000000001 /* SickDayTrackerTests */ = {
			isa = PBXGroup;
			children = (
			);
			path = SickDayTrackerTests;
			sourceTree = "<group>";
		};
		A5000011000000000000001 /* SickDayTrackerUITests */ = {
			isa = PBXGroup;
			children = (
			);
			path = SickDayTrackerUITests;
			sourceTree = "<group>";
		};
		A5000012000000000000001 /* Services */ = {
			isa = PBXGroup;
			children = (
			);
			path = Services;
			sourceTree = "<group>";
		};
		A5000013000000000000001 /* Utilities */ = {
			isa = PBXGroup;
			children = (
			);
			path = Utilities;
			sourceTree = "<group>";
		};
		A5000014000000000000001 /* Settings */ = {
			isa = PBXGroup;
			children = (
				A2000008000000000000001 /* SettingsView.swift */,
			);
			path = Settings;
			sourceTree = "<group>";
		};
/* End PBXGroup section */

/* Begin PBXNativeTarget section */
		A6000001000000000000001 /* SickDayTracker */ = {
			isa = PBXNativeTarget;
			buildConfigurationList = A7000001000000000000001 /* Build configuration list for PBXNativeTarget "SickDayTracker" */;
			buildPhases = (
				A8000001000000000000001 /* Sources */,
				A4000001000000000000001 /* Frameworks */,
				A9000001000000000000001 /* Resources */,
			);
			buildRules = (
			);
			dependencies = (
			);
			name = SickDayTracker;
			productName = SickDayTracker;
			productReference = A3000001000000000000001 /* SickDayTracker.app */;
			productType = "com.apple.product-type.application";
		};
		A6000010000000000000001 /* SickDayTrackerTests */ = {
			isa = PBXNativeTarget;
			buildConfigurationList = A7000010000000000000001 /* Build configuration list for PBXNativeTarget "SickDayTrackerTests" */;
			buildPhases = (
				A8000010000000000000001 /* Sources */,
				A4000010000000000000001 /* Frameworks */,
				A9000010000000000000001 /* Resources */,
			);
			buildRules = (
			);
			dependencies = (
				AA000010000000000000001 /* PBXTargetDependency */,
			);
			name = SickDayTrackerTests;
			productName = SickDayTrackerTests;
			productReference = A3000010000000000000001 /* SickDayTrackerTests.xctest */;
			productType = "com.apple.product-type.bundle.unit-test";
		};
		A6000011000000000000001 /* SickDayTrackerUITests */ = {
			isa = PBXNativeTarget;
			buildConfigurationList = A7000011000000000000001 /* Build configuration list for PBXNativeTarget "SickDayTrackerUITests" */;
			buildPhases = (
				A8000011000000000000001 /* Sources */,
				A4000011000000000000001 /* Frameworks */,
				A9000011000000000000001 /* Resources */,
			);
			buildRules = (
			);
			dependencies = (
				AA000011000000000000001 /* PBXTargetDependency */,
			);
			name = SickDayTrackerUITests;
			productName = SickDayTrackerUITests;
			productReference = A3000011000000000000001 /* SickDayTrackerUITests.xctest */;
			productType = "com.apple.product-type.bundle.ui-testing";
		};
/* End PBXNativeTarget section */

/* Begin PBXProject section */
		A0000001000000000000001 /* Project object */ = {
			isa = PBXProject;
			attributes = {
				BuildIndependentTargetsInParallel = 1;
				LastSwiftUpdateCheck = 1500;
				LastUpgradeCheck = 1500;
				TargetAttributes = {
					A6000001000000000000001 = {
						CreatedOnToolsVersion = 15.0;
					};
					A6000010000000000000001 = {
						CreatedOnToolsVersion = 15.0;
						TestTargetID = A6000001000000000000001;
					};
					A6000011000000000000001 = {
						CreatedOnToolsVersion = 15.0;
						TestTargetID = A6000001000000000000001;
					};
				};
			};
			buildConfigurationList = A7000002000000000000001 /* Build configuration list for PBXProject "SickDayTracker" */;
			compatibilityVersion = "Xcode 14.0";
			developmentRegion = en;
			hasScannedForEncodings = 0;
			knownRegions = (
				en,
				Base,
			);
			mainGroup = A5000001000000000000001;
			productRefGroup = A5000003000000000000001 /* Products */;
			projectDirPath = "";
			projectRoot = "";
			targets = (
				A6000001000000000000001 /* SickDayTracker */,
				A6000010000000000000001 /* SickDayTrackerTests */,
				A6000011000000000000001 /* SickDayTrackerUITests */,
			);
		};
/* End PBXProject section */

/* Begin PBXResourcesBuildPhase section */
		A9000001000000000000001 /* Resources */ = {
			isa = PBXResourcesBuildPhase;
			buildActionMask = 2147483647;
			files = (
				A1000009000000000000001 /* Assets.xcassets in Resources */,
			);
			runOnlyForDeploymentPostprocessing = 0;
		};
		A9000010000000000000001 /* Resources */ = {
			isa = PBXResourcesBuildPhase;
			buildActionMask = 2147483647;
			files = (
			);
			runOnlyForDeploymentPostprocessing = 0;
		};
		A9000011000000000000001 /* Resources */ = {
			isa = PBXResourcesBuildPhase;
			buildActionMask = 2147483647;
			files = (
			);
			runOnlyForDeploymentPostprocessing = 0;
		};
/* End PBXResourcesBuildPhase section */

/* Begin PBXSourcesBuildPhase section */
		A8000001000000000000001 /* Sources */ = {
			isa = PBXSourcesBuildPhase;
			buildActionMask = 2147483647;
			files = (
				A1000001000000000000001 /* SickDayTrackerApp.swift in Sources */,
				A1000002000000000000001 /* ContentView.swift in Sources */,
				A1000003000000000000001 /* DailyLog.swift in Sources */,
				E38541F42F3187B700EDEC5E /* DailyLogFormView.swift in Sources */,
				E38542022F3187F100EDEC5E /* AccessibilityIdentifiers.swift in Sources */,
				E38541F22F31871D00EDEC5E /* OnboardingView.swift in Sources */,
				E38541F62F3187C600EDEC5E /* EpisodeFormView.swift in Sources */,
				A1000004000000000000001 /* SicknessEpisode.swift in Sources */,
				A1000005000000000000001 /* TodayView.swift in Sources */,
				A1000006000000000000001 /* EpisodesView.swift in Sources */,
				E38541FF2F3187E600EDEC5E /* SampleDataService.swift in Sources */,
				E38542002F3187E600EDEC5E /* ExportService.swift in Sources */,
				E38541FA2F3187D800EDEC5E /* EpisodesViewModel.swift in Sources */,
				E38541FB2F3187D800EDEC5E /* TodayViewModel.swift in Sources */,
				E38541FC2F3187D800EDEC5E /* InsightsViewModel.swift in Sources */,
				A1000007000000000000001 /* InsightsView.swift in Sources */,
				A1000008000000000000001 /* SettingsView.swift in Sources */,
			);
			runOnlyForDeploymentPostprocessing = 0;
		};
		A8000010000000000000001 /* Sources */ = {
			isa = PBXSourcesBuildPhase;
			buildActionMask = 2147483647;
			files = (
			);
			runOnlyForDeploymentPostprocessing = 0;
		};
		A8000011000000000000001 /* Sources */ = {
			isa = PBXSourcesBuildPhase;
			buildActionMask = 2147483647;
			files = (
			);
			runOnlyForDeploymentPostprocessing = 0;
		};
/* End PBXSourcesBuildPhase section */

/* Begin PBXTargetDependency section */
		AA000010000000000000001 /* PBXTargetDependency */ = {
			isa = PBXTargetDependency;
			target = A6000001000000000000001 /* SickDayTracker */;
			targetProxy = AB000010000000000000001 /* PBXContainerItemProxy */;
		};
		AA000011000000000000001 /* PBXTargetDependency */ = {
			isa = PBXTargetDependency;
			target = A6000001000000000000001 /* SickDayTracker */;
			targetProxy = AB000011000000000000001 /* PBXContainerItemProxy */;
		};
/* End PBXTargetDependency section */

/* Begin XCBuildConfiguration section */
		AC000001000000000000001 /* Debug */ = {
			isa = XCBuildConfiguration;
			buildSettings = {
				ALWAYS_SEARCH_USER_PATHS = NO;
				ASSETCATALOG_COMPILER_GENERATE_SWIFT_ASSET_SYMBOL_EXTENSIONS = YES;
				CLANG_ANALYZER_NONNULL = YES;
				CLANG_ANALYZER_NUMBER_OBJECT_CONVERSION = YES_AGGRESSIVE;
				CLANG_CXX_LANGUAGE_STANDARD = "gnu++20";
				CLANG_ENABLE_MODULES = YES;
				CLANG_ENABLE_OBJC_ARC = YES;
				CLANG_ENABLE_OBJC_WEAK = YES;
				CLANG_WARN_BLOCK_CAPTURE_AUTORELEASING = YES;
				CLANG_WARN_BOOL_CONVERSION = YES;
				CLANG_WARN_COMMA = YES;
				CLANG_WARN_CONSTANT_CONVERSION = YES;
				CLANG_WARN_DEPRECATED_OBJC_IMPLEMENTATIONS = YES;
				CLANG_WARN_DIRECT_OBJC_ISA_USAGE = YES_ERROR;
				CLANG_WARN_DOCUMENTATION_COMMENTS = YES;
				CLANG_WARN_EMPTY_BODY = YES;
				CLANG_WARN_ENUM_CONVERSION = YES;
				CLANG_WARN_INFINITE_RECURSION = YES;
				CLANG_WARN_INT_CONVERSION = YES;
				CLANG_WARN_NON_LITERAL_NULL_CONVERSION = YES;
				CLANG_WARN_OBJC_IMPLICIT_RETAIN_SELF = YES;
				CLANG_WARN_OBJC_LITERAL_CONVERSION = YES;
				CLANG_WARN_OBJC_ROOT_CLASS = YES_ERROR;
				CLANG_WARN_QUOTED_INCLUDE_IN_FRAMEWORK_HEADER = YES;
				CLANG_WARN_RANGE_LOOP_ANALYSIS = YES;
				CLANG_WARN_STRICT_PROTOTYPES = YES;
				CLANG_WARN_SUSPICIOUS_MOVE = YES;
				CLANG_WARN_UNGUARDED_AVAILABILITY = YES_AGGRESSIVE;
				CLANG_WARN_UNREACHABLE_CODE = YES;
				CLANG_WARN__DUPLICATE_METHOD_MATCH = YES;
				COPY_PHASE_STRIP = NO;
				DEBUG_INFORMATION_FORMAT = dwarf;
				ENABLE_STRICT_OBJC_MSGSEND = YES;
				ENABLE_TESTABILITY = YES;
				ENABLE_USER_SCRIPT_SANDBOXING = YES;
				GCC_C_LANGUAGE_STANDARD = gnu17;
				GCC_DYNAMIC_NO_PIC = NO;
				GCC_NO_COMMON_BLOCKS = YES;
				GCC_OPTIMIZATION_LEVEL = 0;
				GCC_PREPROCESSOR_DEFINITIONS = (
					"DEBUG=1",
					"$(inherited)",
				);
				GCC_WARN_64_TO_32_BIT_CONVERSION = YES;
				GCC_WARN_ABOUT_RETURN_TYPE = YES_ERROR;
				GCC_WARN_UNDECLARED_SELECTOR = YES;
				GCC_WARN_UNINITIALIZED_AUTOS = YES_AGGRESSIVE;
				GCC_WARN_UNUSED_FUNCTION = YES;
				GCC_WARN_UNUSED_VARIABLE = YES;
				IPHONEOS_DEPLOYMENT_TARGET = 17.0;
				LOCALIZATION_PREFERS_STRING_CATALOGS = YES;
				MTL_ENABLE_DEBUG_INFO = INCLUDE_SOURCE;
				MTL_FAST_MATH = YES;
				ONLY_ACTIVE_ARCH = YES;
				SDKROOT = iphoneos;
				SWIFT_ACTIVE_COMPILATION_CONDITIONS = "DEBUG $(inherited)";
				SWIFT_OPTIMIZATION_LEVEL = "-Onone";
			};
			name = Debug;
		};
		AC000002000000000000001 /* Release */ = {
			isa = XCBuildConfiguration;
			buildSettings = {
				ALWAYS_SEARCH_USER_PATHS = NO;
				ASSETCATALOG_COMPILER_GENERATE_SWIFT_ASSET_SYMBOL_EXTENSIONS = YES;
				CLANG_ANALYZER_NONNULL = YES;
				CLANG_ANALYZER_NUMBER_OBJECT_CONVERSION = YES_AGGRESSIVE;
				CLANG_CXX_LANGUAGE_STANDARD = "gnu++20";
				CLANG_ENABLE_MODULES = YES;
				CLANG_ENABLE_OBJC_ARC = YES;
				CLANG_ENABLE_OBJC_WEAK = YES;
				CLANG_WARN_BLOCK_CAPTURE_AUTORELEASING = YES;
				CLANG_WARN_BOOL_CONVERSION = YES;
				CLANG_WARN_COMMA = YES;
				CLANG_WARN_CONSTANT_CONVERSION = YES;
				CLANG_WARN_DEPRECATED_OBJC_IMPLEMENTATIONS = YES;
				CLANG_WARN_DIRECT_OBJC_ISA_USAGE = YES_ERROR;
				CLANG_WARN_DOCUMENTATION_COMMENTS = YES;
				CLANG_WARN_EMPTY_BODY = YES;
				CLANG_WARN_ENUM_CONVERSION = YES;
				CLANG_WARN_INFINITE_RECURSION = YES;
				CLANG_WARN_INT_CONVERSION = YES;
				CLANG_WARN_NON_LITERAL_NULL_CONVERSION = YES;
				CLANG_WARN_OBJC_IMPLICIT_RETAIN_SELF = YES;
				CLANG_WARN_OBJC_LITERAL_CONVERSION = YES;
				CLANG_WARN_OBJC_ROOT_CLASS = YES_ERROR;
				CLANG_WARN_QUOTED_INCLUDE_IN_FRAMEWORK_HEADER = YES;
				CLANG_WARN_RANGE_LOOP_ANALYSIS = YES;
				CLANG_WARN_STRICT_PROTOTYPES = YES;
				CLANG_WARN_SUSPICIOUS_MOVE = YES;
				CLANG_WARN_UNGUARDED_AVAILABILITY = YES_AGGRESSIVE;
				CLANG_WARN_UNREACHABLE_CODE = YES;
				CLANG_WARN__DUPLICATE_METHOD_MATCH = YES;
				COPY_PHASE_STRIP = NO;
				DEBUG_INFORMATION_FORMAT = "dwarf-with-dsym";
				ENABLE_NS_ASSERTIONS = NO;
				ENABLE_STRICT_OBJC_MSGSEND = YES;
				ENABLE_USER_SCRIPT_SANDBOXING = YES;
				GCC_C_LANGUAGE_STANDARD = gnu17;
				GCC_NO_COMMON_BLOCKS = YES;
				GCC_WARN_64_TO_32_BIT_CONVERSION = YES;
				GCC_WARN_ABOUT_RETURN_TYPE = YES_ERROR;
				GCC_WARN_UNDECLARED_SELECTOR = YES;
				GCC_WARN_UNINITIALIZED_AUTOS = YES_AGGRESSIVE;
				GCC_WARN_UNUSED_FUNCTION = YES;
				GCC_WARN_UNUSED_VARIABLE = YES;
				IPHONEOS_DEPLOYMENT_TARGET = 17.0;
				LOCALIZATION_PREFERS_STRING_CATALOGS = YES;
				MTL_ENABLE_DEBUG_INFO = NO;
				MTL_FAST_MATH = YES;
				SDKROOT = iphoneos;
				SWIFT_COMPILATION_MODE = wholemodule;
				VALIDATE_PRODUCT = YES;
			};
			name = Release;
		};
		AC000003000000000000001 /* Debug */ = {
			isa = XCBuildConfiguration;
			buildSettings = {
				ASSETCATALOG_COMPILER_APPICON_NAME = AppIcon;
				ASSETCATALOG_COMPILER_GLOBAL_ACCENT_COLOR_NAME = AccentColor;
				CODE_SIGN_STYLE = Automatic;
				CURRENT_PROJECT_VERSION = 1;
				DEVELOPMENT_ASSET_PATHS = "";
				ENABLE_PREVIEWS = YES;
				GENERATE_INFOPLIST_FILE = NO;
				INFOPLIST_FILE = SickDayTracker/Info.plist;
				INFOPLIST_KEY_UIApplicationSceneManifest_Generation = YES;
				INFOPLIST_KEY_UIApplicationSupportsIndirectInputEvents = YES;
				INFOPLIST_KEY_UILaunchScreen_Generation = YES;
				INFOPLIST_KEY_UISupportedInterfaceOrientations = "UIInterfaceOrientationPortrait UIInterfaceOrientationLandscapeLeft UIInterfaceOrientationLandscapeRight";
				INFOPLIST_KEY_UISupportedInterfaceOrientations_iPad = "UIInterfaceOrientationPortrait UIInterfaceOrientationPortraitUpsideDown UIInterfaceOrientationLandscapeLeft UIInterfaceOrientationLandscapeRight";
				LD_RUNPATH_SEARCH_PATHS = (
					"$(inherited)",
					"@executable_path/Frameworks",
				);
				MARKETING_VERSION = 1.0;
				PRODUCT_BUNDLE_IDENTIFIER = com.sickdaytracker.app;
				PRODUCT_NAME = "$(TARGET_NAME)";
				SWIFT_EMIT_LOC_STRINGS = YES;
				SWIFT_VERSION = 5.0;
				TARGETED_DEVICE_FAMILY = "1,2";
			};
			name = Debug;
		};
		AC000004000000000000001 /* Release */ = {
			isa = XCBuildConfiguration;
			buildSettings = {
				ASSETCATALOG_COMPILER_APPICON_NAME = AppIcon;
				ASSETCATALOG_COMPILER_GLOBAL_ACCENT_COLOR_NAME = AccentColor;
				CODE_SIGN_STYLE = Automatic;
				CURRENT_PROJECT_VERSION = 1;
				DEVELOPMENT_ASSET_PATHS = "";
				ENABLE_PREVIEWS = YES;
				GENERATE_INFOPLIST_FILE = NO;
				INFOPLIST_FILE = SickDayTracker/Info.plist;
				INFOPLIST_KEY_UIApplicationSceneManifest_Generation = YES;
				INFOPLIST_KEY_UIApplicationSupportsIndirectInputEvents = YES;
				INFOPLIST_KEY_UILaunchScreen_Generation = YES;
				INFOPLIST_KEY_UISupportedInterfaceOrientations = "UIInterfaceOrientationPortrait UIInterfaceOrientationLandscapeLeft UIInterfaceOrientationLandscapeRight";
				INFOPLIST_KEY_UISupportedInterfaceOrientations_iPad = "UIInterfaceOrientationPortrait UIInterfaceOrientationPortraitUpsideDown UIInterfaceOrientationLandscapeLeft UIInterfaceOrientationLandscapeRight";
				LD_RUNPATH_SEARCH_PATHS = (
					"$(inherited)",
					"@executable_path/Frameworks",
				);
				MARKETING_VERSION = 1.0;
				PRODUCT_BUNDLE_IDENTIFIER = com.sickdaytracker.app;
				PRODUCT_NAME = "$(TARGET_NAME)";
				SWIFT_EMIT_LOC_STRINGS = YES;
				SWIFT_VERSION = 5.0;
				TARGETED_DEVICE_FAMILY = "1,2";
			};
			name = Release;
		};
		AC000010000000000000001 /* Debug */ = {
			isa = XCBuildConfiguration;
			buildSettings = {
				BUNDLE_LOADER = "$(TEST_HOST)";
				CODE_SIGN_STYLE = Automatic;
				CURRENT_PROJECT_VERSION = 1;
				GENERATE_INFOPLIST_FILE = YES;
				IPHONEOS_DEPLOYMENT_TARGET = 17.0;
				MARKETING_VERSION = 1.0;
				PRODUCT_BUNDLE_IDENTIFIER = com.sickdaytracker.SickDayTrackerTests;
				PRODUCT_NAME = "$(TARGET_NAME)";
				SWIFT_EMIT_LOC_STRINGS = NO;
				SWIFT_VERSION = 5.0;
				TARGETED_DEVICE_FAMILY = "1,2";
				TEST_HOST = "$(BUILT_PRODUCTS_DIR)/SickDayTracker.app/$(BUNDLE_EXECUTABLE_FOLDER_PATH)/SickDayTracker";
			};
			name = Debug;
		};
		AC000011000000000000001 /* Release */ = {
			isa = XCBuildConfiguration;
			buildSettings = {
				BUNDLE_LOADER = "$(TEST_HOST)";
				CODE_SIGN_STYLE = Automatic;
				CURRENT_PROJECT_VERSION = 1;
				GENERATE_INFOPLIST_FILE = YES;
				IPHONEOS_DEPLOYMENT_TARGET = 17.0;
				MARKETING_VERSION = 1.0;
				PRODUCT_BUNDLE_IDENTIFIER = com.sickdaytracker.SickDayTrackerTests;
				PRODUCT_NAME = "$(TARGET_NAME)";
				SWIFT_EMIT_LOC_STRINGS = NO;
				SWIFT_VERSION = 5.0;
				TARGETED_DEVICE_FAMILY = "1,2";
				TEST_HOST = "$(BUILT_PRODUCTS_DIR)/SickDayTracker.app/$(BUNDLE_EXECUTABLE_FOLDER_PATH)/SickDayTracker";
			};
			name = Release;
		};
		AC000012000000000000001 /* Debug */ = {
			isa = XCBuildConfiguration;
			buildSettings = {
				CODE_SIGN_STYLE = Automatic;
				CURRENT_PROJECT_VERSION = 1;
				GENERATE_INFOPLIST_FILE = YES;
				MARKETING_VERSION = 1.0;
				PRODUCT_BUNDLE_IDENTIFIER = com.sickdaytracker.SickDayTrackerUITests;
				PRODUCT_NAME = "$(TARGET_NAME)";
				SWIFT_EMIT_LOC_STRINGS = NO;
				SWIFT_VERSION = 5.0;
				TARGETED_DEVICE_FAMILY = "1,2";
				TEST_TARGET_NAME = SickDayTracker;
			};
			name = Debug;
		};
		AC000013000000000000001 /* Release */ = {
			isa = XCBuildConfiguration;
			buildSettings = {
				CODE_SIGN_STYLE = Automatic;
				CURRENT_PROJECT_VERSION = 1;
				GENERATE_INFOPLIST_FILE = YES;
				MARKETING_VERSION = 1.0;
				PRODUCT_BUNDLE_IDENTIFIER = com.sickdaytracker.SickDayTrackerUITests;
				PRODUCT_NAME = "$(TARGET_NAME)";
				SWIFT_EMIT_LOC_STRINGS = NO;
				SWIFT_VERSION = 5.0;
				TARGETED_DEVICE_FAMILY = "1,2";
				TEST_TARGET_NAME = SickDayTracker;
			};
			name = Release;
		};
/* End XCBuildConfiguration section */

/* Begin XCConfigurationList section */
		A7000001000000000000001 /* Build configuration list for PBXNativeTarget "SickDayTracker" */ = {
			isa = XCConfigurationList;
			buildConfigurations = (
				AC000003000000000000001 /* Debug */,
				AC000004000000000000001 /* Release */,
			);
			defaultConfigurationIsVisible = 0;
			defaultConfigurationName = Release;
		};
		A7000002000000000000001 /* Build configuration list for PBXProject "SickDayTracker" */ = {
			isa = XCConfigurationList;
			buildConfigurations = (
				AC000001000000000000001 /* Debug */,
				AC000002000000000000001 /* Release */,
			);
			defaultConfigurationIsVisible = 0;
			defaultConfigurationName = Release;
		};
		A7000010000000000000001 /* Build configuration list for PBXNativeTarget "SickDayTrackerTests" */ = {
			isa = XCConfigurationList;
			buildConfigurations = (
				AC000010000000000000001 /* Debug */,
				AC000011000000000000001 /* Release */,
			);
			defaultConfigurationIsVisible = 0;
			defaultConfigurationName = Release;
		};
		A7000011000000000000001 /* Build configuration list for PBXNativeTarget "SickDayTrackerUITests" */ = {
			isa = XCConfigurationList;
			buildConfigurations = (
				AC000012000000000000001 /* Debug */,
				AC000013000000000000001 /* Release */,
			);
			defaultConfigurationIsVisible = 0;
			defaultConfigurationName = Release;
		};
/* End XCConfigurationList section */
	};
	rootObject = A0000001000000000000001 /* Project object */;
}
